
Microsoft Visual Studio Solution File, Format Version 12.00
# Visual Studio Version 16
VisualStudioVersion = 16.0.30621.155
MinimumVisualStudioVersion = 10.0.40219.1
Project("{FAE04EC0-301F-11D3-BF4B-00C04F79EFBC}") = "MusicCompetitionBP2", "MusicCompetitionBP2\MusicCompetitionBP2.csproj", "{354235EE-15BF-4F36-A6DA-D7840D19E94C}"
EndProject
Project("{FAE04EC0-301F-11D3-BF4B-00C04F79EFBC}") = "Common", "Common\Common.csproj", "{290BEB5A-C264-43D7-BD99-AAD25C2D0F2B}"
EndProject
Project("{FAE04EC0-301F-11D3-BF4B-00C04F79EFBC}") = "ClientUI", "ClientUI\ClientUI.csproj", "{08C62E58-E4B4-492F-8351-EF48052FDB0A}"
EndProject
Global
	GlobalSection(SolutionConfigurationPlatforms) = preSolution
		Debug|Any CPU = Debug|Any CPU
		Release|Any CPU = Release|Any CPU
	EndGlobalSection
	GlobalSection(ProjectConfigurationPlatforms) = postSolution
		{354235EE-15BF-4F36-A6DA-D7840D19E94C}.Debug|Any CPU.ActiveCfg = Debug|Any CPU
		{354235EE-15BF-4F36-A6DA-D7840D19E94C}.Debug|Any CPU.Build.0 = Debug|Any CPU
		{354235EE-15BF-4F36-A6DA-D7840D19E94C}.Release|Any CPU.ActiveCfg = Release|Any CPU
		{354235EE-15BF-4F36-A6DA-D7840D19E94C}.Release|Any CPU.Build.0 = Release|Any CPU
		{290BEB5A-C264-43D7-BD99-AAD25C2D0F2B}.Debug|Any CPU.ActiveCfg = Debug|Any CPU
		{290BEB5A-C264-43D7-BD99-AAD25C2D0F2B}.Debug|Any CPU.Build.0 = Debug|Any CPU
		{290BEB5A-C264-43D7-BD99-AAD25C2D0F2B}.Release|Any CPU.ActiveCfg = Release|Any CPU
		{290BEB5A-C264-43D7-BD99-AAD25C2D0F2B}.Release|Any CPU.Build.0 = Release|Any CPU
		{08C62E58-E4B4-492F-8351-EF48052FDB0A}.Debug|Any CPU.ActiveCfg = Debug|Any CPU
		{08C62E58-E4B4-492F-8351-EF48052FDB0A}.Debug|Any CPU.Build.0 = Debug|Any CPU
		{08C62E58-E4B4-492F-8351-EF48052FDB0A}.Release|Any CPU.ActiveCfg = Release|Any CPU
		{08C62E58-E4B4-492F-8351-EF48052FDB0A}.Release|Any CPU.Build.0 = Release|Any CPU
	EndGlobalSection
	GlobalSection(SolutionProperties) = preSolution
		HideSolutionNode = FALSE
	EndGlobalSection
	GlobalSection(ExtensibilityGlobals) = postSolution
		SolutionGuid = {5F816CBF-EDB7-46A8-8B03-848FA13EC9A5}
	EndGlobalSection
EndGlobal
